// !$*UTF8*$!
{
	archiveVersion = 1;
	classes = {
	};
	objectVersion = 56;
	objects = {

/* Begin PBXBuildFile section */
		BD7F49D52A6739A4003C13EF /* FormView.swift in Sources */ = {isa = PBXBuildFile; fileRef = BD7F49D42A6739A4003C13EF /* FormView.swift */; };
		BD7F49D92A674270003C13EF /* Post.swift in Sources */ = {isa = PBXBuildFile; fileRef = BD7F49D82A674270003C13EF /* Post.swift */; };
		BD7F49DB2A6744FB003C13EF /* CommunityView.swift in Sources */ = {isa = PBXBuildFile; fileRef = BD7F49DA2A6744FB003C13EF /* CommunityView.swift */; };
		BD7F49DD2A6746E9003C13EF /* PostCard.swift in Sources */ = {isa = PBXBuildFile; fileRef = BD7F49DC2A6746E9003C13EF /* PostCard.swift */; };
		BDB953ED2A6849E1005B5568 /* expandedView.swift in Sources */ = {isa = PBXBuildFile; fileRef = BDB953EC2A6849E1005B5568 /* expandedView.swift */; };
		BDD0B1A02A65F533002714EC /* NeedsNowApp.swift in Sources */ = {isa = PBXBuildFile; fileRef = BDD0B19F2A65F533002714EC /* NeedsNowApp.swift */; };
		BDD0B1A22A65F533002714EC /* ContentView.swift in Sources */ = {isa = PBXBuildFile; fileRef = BDD0B1A12A65F533002714EC /* ContentView.swift */; };
		BDD0B1A42A65F534002714EC /* Assets.xcassets in Resources */ = {isa = PBXBuildFile; fileRef = BDD0B1A32A65F534002714EC /* Assets.xcassets */; };
		BDD0B1A72A65F534002714EC /* Preview Assets.xcassets in Resources */ = {isa = PBXBuildFile; fileRef = BDD0B1A62A65F534002714EC /* Preview Assets.xcassets */; };
/* End PBXBuildFile section */

/* Begin PBXFileReference section */
		BD7F49D42A6739A4003C13EF /* FormView.swift */ = {isa = PBXFileReference; lastKnownFileType = sourcecode.swift; path = FormView.swift; sourceTree = "<group>"; };
		BD7F49D82A674270003C13EF /* Post.swift */ = {isa = PBXFileReference; lastKnownFileType = sourcecode.swift; path = Post.swift; sourceTree = "<group>"; };
		BD7F49DA2A6744FB003C13EF /* CommunityView.swift */ = {isa = PBXFileReference; lastKnownFileType = sourcecode.swift; path = CommunityView.swift; sourceTree = "<group>"; };
		BD7F49DC2A6746E9003C13EF /* PostCard.swift */ = {isa = PBXFileReference; lastKnownFileType = sourcecode.swift; path = PostCard.swift; sourceTree = "<group>"; };
		BDB953EC2A6849E1005B5568 /* expandedView.swift */ = {isa = PBXFileReference; lastKnownFileType = sourcecode.swift; path = expandedView.swift; sourceTree = "<group>"; };
		BDD0B19C2A65F533002714EC /* NeedsNow.app */ = {isa = PBXFileReference; explicitFileType = wrapper.application; includeInIndex = 0; path = NeedsNow.app; sourceTree = BUILT_PRODUCTS_DIR; };
		BDD0B19F2A65F533002714EC /* NeedsNowApp.swift */ = {isa = PBXFileReference; lastKnownFileType = sourcecode.swift; path = NeedsNowApp.swift; sourceTree = "<group>"; };
		BDD0B1A12A65F533002714EC /* ContentView.swift */ = {isa = PBXFileReference; lastKnownFileType = sourcecode.swift; path = ContentView.swift; sourceTree = "<group>"; };
		BDD0B1A32A65F534002714EC /* Assets.xcassets */ = {isa = PBXFileReference; lastKnownFileType = folder.assetcatalog; path = Assets.xcassets; sourceTree = "<group>"; };
		BDD0B1A62A65F534002714EC /* Preview Assets.xcassets */ = {isa = PBXFileReference; lastKnownFileType = folder.assetcatalog; path = "Preview Assets.xcassets"; sourceTree = "<group>"; };
/* End PBXFileReference section */

/* Begin PBXFrameworksBuildPhase section */
		BDD0B1992A65F533002714EC /* Frameworks */ = {
			isa = PBXFrameworksBuildPhase;
			buildActionMask = 2147483647;
			files = (
			);
			runOnlyForDeploymentPostprocessing = 0;
		};
/* End PBXFrameworksBuildPhase section */

/* Begin PBXGroup section */
		BDD0B1932A65F533002714EC = {
			isa = PBXGroup;
			children = (
				BDD0B19E2A65F533002714EC /* NeedsNow */,
				BDD0B19D2A65F533002714EC /* Products */,
			);
			sourceTree = "<group>";
		};
		BDD0B19D2A65F533002714EC /* Products */ = {
			isa = PBXGroup;
			children = (
				BDD0B19C2A65F533002714EC /* NeedsNow.app */,
			);
			name = Products;
			sourceTree = "<group>";
		};
		BDD0B19E2A65F533002714EC /* NeedsNow */ = {
			isa = PBXGroup;
			children = (
				BDD0B19F2A65F533002714EC /* NeedsNowApp.swift */,
				BD7F49D42A6739A4003C13EF /* FormView.swift */,
				BD7F49DA2A6744FB003C13EF /* CommunityView.swift */,
				BDB953EC2A6849E1005B5568 /* expandedView.swift */,
				BD7F49DC2A6746E9003C13EF /* PostCard.swift */,
				BDD0B1A12A65F533002714EC /* ContentView.swift */,
				BD7F49D82A674270003C13EF /* Post.swift */,
				BDD0B1A32A65F534002714EC /* Assets.xcassets */,
				BDD0B1A52A65F534002714EC /* Preview Content */,
			);
			path = NeedsNow;
			sourceTree = "<group>";
		};
		BDD0B1A52A65F534002714EC /* Preview Content */ = {
			isa = PBXGroup;
			children = (
				BDD0B1A62A65F534002714EC /* Preview Assets.xcassets */,
			);
			path = "Preview Content";
			sourceTree = "<group>";
		};
/* End PBXGroup section */

/* Begin PBXNativeTarget section */
		BDD0B19B2A65F533002714EC /* NeedsNow */ = {
			isa = PBXNativeTarget;
			buildConfigurationList = BDD0B1AA2A65F534002714EC /* Build configuration list for PBXNativeTarget "NeedsNow" */;
			buildPhases = (
				BDD0B1982A65F533002714EC /* Sources */,
				BDD0B1992A65F533002714EC /* Frameworks */,
				BDD0B19A2A65F533002714EC /* Resources */,
			);
			buildRules = (
			);
			dependencies = (
			);
			name = NeedsNow;
			productName = NeedsNow;
			productReference = BDD0B19C2A65F533002714EC /* NeedsNow.app */;
			productType = "com.apple.product-type.application";
		};
/* End PBXNativeTarget section */

/* Begin PBXProject section */
		BDD0B1942A65F533002714EC /* Project object */ = {
			isa = PBXProject;
			attributes = {
				BuildIndependentTargetsInParallel = 1;
				LastSwiftUpdateCheck = 1430;
				LastUpgradeCheck = 1430;
				TargetAttributes = {
					BDD0B19B2A65F533002714EC = {
						CreatedOnToolsVersion = 14.3.1;
					};
				};
			};
			buildConfigurationList = BDD0B1972A65F533002714EC /* Build configuration list for PBXProject "NeedsNow" */;
			compatibilityVersion = "Xcode 14.0";
			developmentRegion = en;
			hasScannedForEncodings = 0;
			knownRegions = (
				en,
				Base,
			);
			mainGroup = BDD0B1932A65F533002714EC;
			productRefGroup = BDD0B19D2A65F533002714EC /* Products */;
			projectDirPath = "";
			projectRoot = "";
			targets = (
				BDD0B19B2A65F533002714EC /* NeedsNow */,
			);
		};
/* End PBXProject section */

/* Begin PBXResourcesBuildPhase section */
		BDD0B19A2A65F533002714EC /* Resources */ = {
			isa = PBXResourcesBuildPhase;
			buildActionMask = 2147483647;
			files = (
				BDD0B1A72A65F534002714EC /* Preview Assets.xcassets in Resources */,
				BDD0B1A42A65F534002714EC /* Assets.xcassets in Resources */,
			);
			runOnlyForDeploymentPostprocessing = 0;
		};
/* End PBXResourcesBuildPhase section */

/* Begin PBXSourcesBuildPhase section */
		BDD0B1982A65F533002714EC /* Sources */ = {
			isa = PBXSourcesBuildPhase;
			buildActionMask = 2147483647;
			files = (
				BD7F49D52A6739A4003C13EF /* FormView.swift in Sources */,
				BD7F49DD2A6746E9003C13EF /* PostCard.swift in Sources */,
				BDB953ED2A6849E1005B5568 /* expandedView.swift in Sources */,
				BDD0B1A22A65F533002714EC /* ContentView.swift in Sources */,
				BDD0B1A02A65F533002714EC /* NeedsNowApp.swift in Sources */,
				BD7F49DB2A6744FB003C13EF /* CommunityView.swift in Sources */,
				BD7F49D92A674270003C13EF /* Post.swift in Sources */,
			);
			runOnlyForDeploymentPostprocessing = 0;
		};
/* End PBXSourcesBuildPhase section */

/* Begin XCBuildConfiguration section */
		BDD0B1A82A65F534002714EC /* Debug */ = {
			isa = XCBuildConfiguration;
			buildSettings = {
				ALWAYS_SEARCH_USER_PATHS = NO;
				CLANG_ANALYZER_NONNULL = YES;
				CLANG_ANALYZER_NUMBER_OBJECT_CONVERSION = YES_AGGRESSIVE;
				CLANG_CXX_LANGUAGE_STANDARD = "gnu++20";
				CLANG_ENABLE_MODULES = YES;
				CLANG_ENABLE_OBJC_ARC = YES;
				CLANG_ENABLE_OBJC_WEAK = YES;
				CLANG_WARN_BLOCK_CAPTURE_AUTORELEASING = YES;
				CLANG_WARN_BOOL_CONVERSION = YES;
				CLANG_WARN_COMMA = YES;
				CLANG_WARN_CONSTANT_CONVERSION = YES;
				CLANG_WARN_DEPRECATED_OBJC_IMPLEMENTATIONS = YES;
				CLANG_WARN_DIRECT_OBJC_ISA_USAGE = YES_ERROR;
				CLANG_WARN_DOCUMENTATION_COMMENTS = YES;
				CLANG_WARN_EMPTY_BODY = YES;
				CLANG_WARN_ENUM_CONVERSION = YES;
				CLANG_WARN_INFINITE_RECURSION = YES;
				CLANG_WARN_INT_CONVERSION = YES;
				CLANG_WARN_NON_LITERAL_NULL_CONVERSION = YES;
				CLANG_WARN_OBJC_IMPLICIT_RETAIN_SELF = YES;
				CLANG_WARN_OBJC_LITERAL_CONVERSION = YES;
				CLANG_WARN_OBJC_ROOT_CLASS = YES_ERROR;
				CLANG_WARN_QUOTED_INCLUDE_IN_FRAMEWORK_HEADER = YES;
				CLANG_WARN_RANGE_LOOP_ANALYSIS = YES;
				CLANG_WARN_STRICT_PROTOTYPES = YES;
				CLANG_WARN_SUSPICIOUS_MOVE = YES;
				CLANG_WARN_UNGUARDED_AVAILABILITY = YES_AGGRESSIVE;
				CLANG_WARN_UNREACHABLE_CODE = YES;
				CLANG_WARN__DUPLICATE_METHOD_MATCH = YES;
				COPY_PHASE_STRIP = NO;
				DEBUG_INFORMATION_FORMAT = dwarf;
				ENABLE_STRICT_OBJC_MSGSEND = YES;
				ENABLE_TESTABILITY = YES;
				GCC_C_LANGUAGE_STANDARD = gnu11;
				GCC_DYNAMIC_NO_PIC = NO;
				GCC_NO_COMMON_BLOCKS = YES;
				GCC_OPTIMIZATION_LEVEL = 0;
				GCC_PREPROCESSOR_DEFINITIONS = (
					"DEBUG=1",
					"$(inherited)",
				);
				GCC_WARN_64_TO_32_BIT_CONVERSION = YES;
				GCC_WARN_ABOUT_RETURN_TYPE = YES_ERROR;
				GCC_WARN_UNDECLARED_SELECTOR = YES;
				GCC_WARN_UNINITIALIZED_AUTOS = YES_AGGRESSIVE;
				GCC_WARN_UNUSED_FUNCTION = YES;
				GCC_WARN_UNUSED_VARIABLE = YES;
				IPHONEOS_DEPLOYMENT_TARGET = 16.4;
				MTL_ENABLE_DEBUG_INFO = INCLUDE_SOURCE;
				MTL_FAST_MATH = YES;
				ONLY_ACTIVE_ARCH = YES;
				SDKROOT = iphoneos;
				SWIFT_ACTIVE_COMPILATION_CONDITIONS = DEBUG;
				SWIFT_OPTIMIZATION_LEVEL = "-Onone";
			};
			name = Debug;
		};
		BDD0B1A92A65F534002714EC /* Release */ = {
			isa = XCBuildConfiguration;
			buildSettings = {
				ALWAYS_SEARCH_USER_PATHS = NO;
				CLANG_ANALYZER_NONNULL = YES;
				CLANG_ANALYZER_NUMBER_OBJECT_CONVERSION = YES_AGGRESSIVE;
				CLANG_CXX_LANGUAGE_STANDARD = "gnu++20";
				CLANG_ENABLE_MODULES = YES;
				CLANG_ENABLE_OBJC_ARC = YES;
				CLANG_ENABLE_OBJC_WEAK = YES;
				CLANG_WARN_BLOCK_CAPTURE_AUTORELEASING = YES;
				CLANG_WARN_BOOL_CONVERSION = YES;
				CLANG_WARN_COMMA = YES;
				CLANG_WARN_CONSTANT_CONVERSION = YES;
				CLANG_WARN_DEPRECATED_OBJC_IMPLEMENTATIONS = YES;
				CLANG_WARN_DIRECT_OBJC_ISA_USAGE = YES_ERROR;
				CLANG_WARN_DOCUMENTATION_COMMENTS = YES;
				CLANG_WARN_EMPTY_BODY = YES;
				CLANG_WARN_ENUM_CONVERSION = YES;
				CLANG_WARN_INFINITE_RECURSION = YES;
				CLANG_WARN_INT_CONVERSION = YES;
				CLANG_WARN_NON_LITERAL_NULL_CONVERSION = YES;
				CLANG_WARN_OBJC_IMPLICIT_RETAIN_SELF = YES;
				CLANG_WARN_OBJC_LITERAL_CONVERSION = YES;
				CLANG_WARN_OBJC_ROOT_CLASS = YES_ERROR;
				CLANG_WARN_QUOTED_INCLUDE_IN_FRAMEWORK_HEADER = YES;
				CLANG_WARN_RANGE_LOOP_ANALYSIS = YES;
				CLANG_WARN_STRICT_PROTOTYPES = YES;
				CLANG_WARN_SUSPICIOUS_MOVE = YES;
				CLANG_WARN_UNGUARDED_AVAILABILITY = YES_AGGRESSIVE;
				CLANG_WARN_UNREACHABLE_CODE = YES;
				CLANG_WARN__DUPLICATE_METHOD_MATCH = YES;
				COPY_PHASE_STRIP = NO;
				DEBUG_INFORMATION_FORMAT = "dwarf-with-dsym";
				ENABLE_NS_ASSERTIONS = NO;
				ENABLE_STRICT_OBJC_MSGSEND = YES;
				GCC_C_LANGUAGE_STANDARD = gnu11;
				GCC_NO_COMMON_BLOCKS = YES;
				GCC_WARN_64_TO_32_BIT_CONVERSION = YES;
				GCC_WARN_ABOUT_RETURN_TYPE = YES_ERROR;
				GCC_WARN_UNDECLARED_SELECTOR = YES;
				GCC_WARN_UNINITIALIZED_AUTOS = YES_AGGRESSIVE;
				GCC_WARN_UNUSED_FUNCTION = YES;
				GCC_WARN_UNUSED_VARIABLE = YES;
				IPHONEOS_DEPLOYMENT_TARGET = 16.4;
				MTL_ENABLE_DEBUG_INFO = NO;
				MTL_FAST_MATH = YES;
				SDKROOT = iphoneos;
				SWIFT_COMPILATION_MODE = wholemodule;
				SWIFT_OPTIMIZATION_LEVEL = "-O";
				VALIDATE_PRODUCT = YES;
			};
			name = Release;
		};
		BDD0B1AB2A65F534002714EC /* Debug */ = {
			isa = XCBuildConfiguration;
			buildSettings = {
				ASSETCATALOG_COMPILER_APPICON_NAME = AppIcon;
				ASSETCATALOG_COMPILER_GLOBAL_ACCENT_COLOR_NAME = AccentColor;
				CODE_SIGN_STYLE = Automatic;
				CURRENT_PROJECT_VERSION = 1;
				DEVELOPMENT_ASSET_PATHS = "\"NeedsNow/Preview Content\"";
				ENABLE_PREVIEWS = YES;
				GENERATE_INFOPLIST_FILE = YES;
				INFOPLIST_KEY_UIApplicationSceneManifest_Generation = YES;
				INFOPLIST_KEY_UIApplicationSupportsIndirectInputEvents = YES;
				INFOPLIST_KEY_UILaunchScreen_Generation = YES;
				INFOPLIST_KEY_UISupportedInterfaceOrientations_iPad = "UIInterfaceOrientationPortrait UIInterfaceOrientationPortraitUpsideDown UIInterfaceOrientationLandscapeLeft UIInterfaceOrientationLandscapeRight";
				INFOPLIST_KEY_UISupportedInterfaceOrientations_iPhone = "UIInterfaceOrientationPortrait UIInterfaceOrientationLandscapeLeft UIInterfaceOrientationLandscapeRight";
				LD_RUNPATH_SEARCH_PATHS = (
					"$(inherited)",
					"@executable_path/Frameworks",
				);
				MARKETING_VERSION = 1.0;
				PRODUCT_BUNDLE_IDENTIFIER = kwk.NeedsNow;
				PRODUCT_NAME = "$(TARGET_NAME)";
				SWIFT_EMIT_LOC_STRINGS = YES;
				SWIFT_VERSION = 5.0;
				TARGETED_DEVICE_FAMILY = "1,2";
			};
			name = Debug;
		};
		BDD0B1AC2A65F534002714EC /* Release */ = {
			isa = XCBuildConfiguration;
			buildSettings = {
				ASSETCATALOG_COMPILER_APPICON_NAME = AppIcon;
				ASSETCATALOG_COMPILER_GLOBAL_ACCENT_COLOR_NAME = AccentColor;
				CODE_SIGN_STYLE = Automatic;
				CURRENT_PROJECT_VERSION = 1;
				DEVELOPMENT_ASSET_PATHS = "\"NeedsNow/Preview Content\"";
				ENABLE_PREVIEWS = YES;
				GENERATE_INFOPLIST_FILE = YES;
				INFOPLIST_KEY_UIApplicationSceneManifest_Generation = YES;
				INFOPLIST_KEY_UIApplicationSupportsIndirectInputEvents = YES;
				INFOPLIST_KEY_UILaunchScreen_Generation = YES;
				INFOPLIST_KEY_UISupportedInterfaceOrientations_iPad = "UIInterfaceOrientationPortrait UIInterfaceOrientationPortraitUpsideDown UIInterfaceOrientationLandscapeLeft UIInterfaceOrientationLandscapeRight";
				INFOPLIST_KEY_UISupportedInterfaceOrientations_iPhone = "UIInterfaceOrientationPortrait UIInterfaceOrientationLandscapeLeft UIInterfaceOrientationLandscapeRight";
				LD_RUNPATH_SEARCH_PATHS = (
					"$(inherited)",
					"@executable_path/Frameworks",
				);
				MARKETING_VERSION = 1.0;
				PRODUCT_BUNDLE_IDENTIFIER = kwk.NeedsNow;
				PRODUCT_NAME = "$(TARGET_NAME)";
				SWIFT_EMIT_LOC_STRINGS = YES;
				SWIFT_VERSION = 5.0;
				TARGETED_DEVICE_FAMILY = "1,2";
			};
			name = Release;
		};
/* End XCBuildConfiguration section */

/* Begin XCConfigurationList section */
		BDD0B1972A65F533002714EC /* Build configuration list for PBXProject "NeedsNow" */ = {
			isa = XCConfigurationList;
			buildConfigurations = (
				BDD0B1A82A65F534002714EC /* Debug */,
				BDD0B1A92A65F534002714EC /* Release */,
			);
			defaultConfigurationIsVisible = 0;
			defaultConfigurationName = Release;
		};
		BDD0B1AA2A65F534002714EC /* Build configuration list for PBXNativeTarget "NeedsNow" */ = {
			isa = XCConfigurationList;
			buildConfigurations = (
				BDD0B1AB2A65F534002714EC /* Debug */,
				BDD0B1AC2A65F534002714EC /* Release */,
			);
			defaultConfigurationIsVisible = 0;
			defaultConfigurationName = Release;
		};
/* End XCConfigurationList section */
	};
	rootObject = BDD0B1942A65F533002714EC /* Project object */;
}
